<?xml version="1.0" encoding="utf-8"?>
<Project ToolsVersion="4.0" xmlns="http://schemas.microsoft.com/developer/msbuild/2003">
  <ItemGroup>
    <Filter Include="Source Files">
      <UniqueIdentifier>{4FC737F1-C7A5-4376-A066-2A32D752A2FF}</UniqueIdentifier>
      <Extensions>cpp;c;cc;cxx;def;odl;idl;hpj;bat;asm;asmx</Extensions>
    </Filter>
    <Filter Include="Header Files">
      <UniqueIdentifier>{93995380-89BD-4b04-88EB-625FBE52EBFB}</UniqueIdentifier>
      <Extensions>h;hh;hpp;hxx;hm;inl;inc;xsd</Extensions>
    </Filter>
    <Filter Include="Resource Files">
      <UniqueIdentifier>{67DA6AB6-F800-4c08-8B7A-83BB121AAD01}</UniqueIdentifier>
      <Extensions>rc;ico;cur;bmp;dlg;rc2;rct;bin;rgs;gif;jpg;jpeg;jpe;resx;tiff;tif;png;wav;mfcribbon-ms</Extensions>
    </Filter>
    <Filter Include="TestFilter">
      <UniqueIdentifier>{f486477f-d374-4f64-af2a-4043bfa87683}</UniqueIdentifier>
      <Extensions>Test</Extensions>
    </Filter>
    <Filter Include="UtilsEtc">
      <UniqueIdentifier>{b11a61d8-b9dc-4983-85ee-7e887143b092}</UniqueIdentifier>
    </Filter>
  </ItemGroup>
  <ItemGroup>
    <Text Include="ReadMe.txt" />
  </ItemGroup>
  <ItemGroup>
    <ClInclude Include="stdafx.h">
      <Filter>Header Files</Filter>
    </ClInclude>
    <ClInclude Include="targetver.h">
      <Filter>Header Files</Filter>
    </ClInclude>
    <ClInclude Include="LanguageAndBaseAndLengthAndSignAndValue.h">
      <Filter>Header Files</Filter>
    </ClInclude>
    <ClInclude Include="BaseAndLengthAndSignAndValue.h">
      <Filter>Header Files</Filter>
    </ClInclude>
    <ClInclude Include="LengthAndSignAndValue.h">
      <Filter>Header Files</Filter>
    </ClInclude>
    <ClInclude Include="LiczbaHeks.h">
      <Filter>Header Files</Filter>
    </ClInclude>
    <ClInclude Include="UtilsArray.h">
      <Filter>UtilsEtc</Filter>
    </ClInclude>
    <ClInclude Include="Utils.h">
      <Filter>UtilsEtc</Filter>
    </ClInclude>
    <ClInclude Include="MathAndOwnCharArray.h">
      <Filter>UtilsEtc</Filter>
    </ClInclude>
    <ClInclude Include="MathBT.h">
      <Filter>Header Files</Filter>
    </ClInclude>
  </ItemGroup>
  <ItemGroup>
    <ClCompile Include="stdafx.cpp">
      <Filter>Source Files</Filter>
    </ClCompile>
    <ClCompile Include="Trash.cpp">
      <Filter>Source Files</Filter>
    </ClCompile>
    <ClCompile Include="LanguageAndBaseAndLengthAndSignAndValue.cpp">
      <Filter>Source Files</Filter>
    </ClCompile>
    <ClCompile Include="BaseAndLengthAndSignAndValue.cpp">
      <Filter>Source Files</Filter>
    </ClCompile>
    <ClCompile Include="LengthAndSignAndValue.cpp">
      <Filter>Source Files</Filter>
    </ClCompile>
    <ClCompile Include="LiczbaHeks.cpp">
      <Filter>Source Files</Filter>
    </ClCompile>
    <ClCompile Include="CLengthSignValueTests.cpp">
      <Filter>TestFilter</Filter>
    </ClCompile>
    <ClCompile Include="Utils_Tests.cpp">
      <Filter>TestFilter</Filter>
    </ClCompile>
    <ClCompile Include="UtilsArrayTest.cpp">
      <Filter>TestFilter</Filter>
    </ClCompile>
    <ClCompile Include="MathOwnArrayTests.cpp">
      <Filter>TestFilter</Filter>
    </ClCompile>
    <ClCompile Include="LanguageBaseSignValueTests.cpp">
      <Filter>TestFilter</Filter>
    </ClCompile>
    <ClCompile Include="BaseLengthSignValueTests.cpp">
      <Filter>TestFilter</Filter>
    </ClCompile>
    <ClCompile Include="Utils.cpp">
      <Filter>UtilsEtc</Filter>
    </ClCompile>
    <ClCompile Include="UtilsArray.cpp">
      <Filter>UtilsEtc</Filter>
    </ClCompile>
    <ClCompile Include="MathAndOwnCharArray.cpp">
      <Filter>UtilsEtc</Filter>
    </ClCompile>
    <ClCompile Include="MathBT.cpp">
      <Filter>Source Files</Filter>
    </ClCompile>
    <ClCompile Include="Test_Math.cpp">
      <Filter>TestFilter</Filter>
    </ClCompile>
  </ItemGroup>
</Project>